
Microsoft Visual Studio Solution File, Format Version 12.00
# Visual Studio Version 16
VisualStudioVersion = 16.0.30523.141
MinimumVisualStudioVersion = 10.0.40219.1
Project("{8BC9CEB8-8B4A-11D0-8D11-00A0C91BC942}") = "栈的链式储存实现", "栈的链式储存实现\栈的链式储存实现.vcxproj", "{42AB7538-F099-4197-9230-1CC0A1C16C42}"
EndProject
Global
	GlobalSection(SolutionConfigurationPlatforms) = preSolution
		Debug|x64 = Debug|x64
		Debug|x86 = Debug|x86
		Release|x64 = Release|x64
		Release|x86 = Release|x86
	EndGlobalSection
	GlobalSection(ProjectConfigurationPlatforms) = postSolution
		{42AB7538-F099-4197-9230-1CC0A1C16C42}.Debug|x64.ActiveCfg = Debug|x64
		{42AB7538-F099-4197-9230-1CC0A1C16C42}.Debug|x64.Build.0 = Debug|x64
		{42AB7538-F099-4197-9230-1CC0A1C16C42}.Debug|x86.ActiveCfg = Debug|Win32
		{42AB7538-F099-4197-9230-1CC0A1C16C42}.Debug|x86.Build.0 = Debug|Win32
		{42AB7538-F099-4197-9230-1CC0A1C16C42}.Release|x64.ActiveCfg = Release|x64
		{42AB7538-F099-4197-9230-1CC0A1C16C42}.Release|x64.Build.0 = Release|x64
		{42AB7538-F099-4197-9230-1CC0A1C16C42}.Release|x86.ActiveCfg = Release|Win32
		{42AB7538-F099-4197-9230-1CC0A1C16C42}.Release|x86.Build.0 = Release|Win32
	EndGlobalSection
	GlobalSection(SolutionProperties) = preSolution
		HideSolutionNode = FALSE
	EndGlobalSection
	GlobalSection(ExtensibilityGlobals) = postSolution
		SolutionGuid = {260D0C77-6519-4148-9617-C794C3078CB2}
	EndGlobalSection
EndGlobal
